{
  "version": 4,
  "terraform_version": "0.15.3",
  "serial": 3,
  "lineage": "83a7ed8c-83e1-6a8d-1bb3-9c77692fcf8a",
  "outputs": {},
  "resources": [
    {
      "mode": "managed",
      "type": "google_compute_instance",
      "name": "admin-cluster-master",
      "provider": "provider[\"registry.terraform.io/hashicorp/google\"]",
      "instances": [
        {
          "schema_version": 6,
          "attributes": {
            "allow_stopping_for_update": null,
            "attached_disk": [],
            "boot_disk": [
              {
                "auto_delete": true,
                "device_name": "persistent-disk-0",
                "disk_encryption_key_raw": "",
                "disk_encryption_key_sha256": "",
                "initialize_params": [
                  {
                    "image": "https://www.googleapis.com/compute/v1/projects/ubuntu-os-cloud/global/images/ubuntu-2004-focal-v20210510",
                    "labels": {},
                    "size": 100,
                    "type": "pd-standard"
                  }
                ],
                "kms_key_self_link": "",
                "mode": "READ_WRITE",
                "source": "https://www.googleapis.com/compute/v1/projects/apm-learn-dev1-proj/zones/us-central1-a/disks/admin-cluster-master"
              }
            ],
            "can_ip_forward": false,
            "confidential_instance_config": [],
            "cpu_platform": "Intel Haswell",
            "current_status": "RUNNING",
            "deletion_protection": false,
            "description": "",
            "desired_status": null,
            "enable_display": false,
            "guest_accelerator": [],
            "hostname": "",
            "id": "projects/apm-learn-dev1-proj/zones/us-central1-a/instances/admin-cluster-master",
            "instance_id": "3145719134082088269",
            "label_fingerprint": "42WmSpB8rSM=",
            "labels": null,
            "machine_type": "e2-standard-4",
            "metadata": null,
            "metadata_fingerprint": "mXiXVaK5yao=",
            "metadata_startup_script": "sudo apt update\nsudo apt upgrade -y\nsudo systemctl stop apparmor\nsudo systemctl disable apparmor\nsudo apt-get install apt-transport-https ca-certificates \\\n    curl gnupg-agent software-properties-common docker.io -y\nsudo apt install screen nano -y\n",
            "min_cpu_platform": "",
            "name": "admin-cluster-master",
            "network_interface": [
              {
                "access_config": [
                  {
                    "nat_ip": "34.134.199.110",
                    "network_tier": "PREMIUM",
                    "public_ptr_domain_name": ""
                  }
                ],
                "alias_ip_range": [],
                "name": "nic0",
                "network": "https://www.googleapis.com/compute/v1/projects/apm-learn-dev1-proj/global/networks/default",
                "network_ip": "10.128.0.16",
                "nic_type": "",
                "subnetwork": "https://www.googleapis.com/compute/v1/projects/apm-learn-dev1-proj/regions/us-central1/subnetworks/default",
                "subnetwork_project": "apm-learn-dev1-proj"
              }
            ],
            "project": "apm-learn-dev1-proj",
            "resource_policies": null,
            "scheduling": [
              {
                "automatic_restart": true,
                "min_node_cpus": 0,
                "node_affinities": [],
                "on_host_maintenance": "MIGRATE",
                "preemptible": false
              }
            ],
            "scratch_disk": [],
            "self_link": "https://www.googleapis.com/compute/v1/projects/apm-learn-dev1-proj/zones/us-central1-a/instances/admin-cluster-master",
            "service_account": [
              {
                "email": "1087145446733-compute@developer.gserviceaccount.com",
                "scopes": [
                  "https://www.googleapis.com/auth/cloud-platform"
                ]
              }
            ],
            "shielded_instance_config": [
              {
                "enable_integrity_monitoring": true,
                "enable_secure_boot": false,
                "enable_vtpm": true
              }
            ],
            "tags": null,
            "tags_fingerprint": "42WmSpB8rSM=",
            "timeouts": null,
            "zone": "us-central1-a"
          },
          "sensitive_attributes": [],
          "private": "eyJlMmJmYjczMC1lY2FhLTExZTYtOGY4OC0zNDM2M2JjN2M0YzAiOnsiY3JlYXRlIjoxMjAwMDAwMDAwMDAwLCJkZWxldGUiOjEyMDAwMDAwMDAwMDAsInVwZGF0ZSI6MTIwMDAwMDAwMDAwMH0sInNjaGVtYV92ZXJzaW9uIjoiNiJ9"
        }
      ]
    },
    {
      "mode": "managed",
      "type": "google_compute_instance",
      "name": "admin-workstation",
      "provider": "provider[\"registry.terraform.io/hashicorp/google\"]",
      "instances": [
        {
          "schema_version": 6,
          "attributes": {
            "allow_stopping_for_update": null,
            "attached_disk": [],
            "boot_disk": [
              {
                "auto_delete": true,
                "device_name": "persistent-disk-0",
                "disk_encryption_key_raw": "",
                "disk_encryption_key_sha256": "",
                "initialize_params": [
                  {
                    "image": "https://www.googleapis.com/compute/v1/projects/ubuntu-os-cloud/global/images/ubuntu-2004-focal-v20210510",
                    "labels": {},
                    "size": 200,
                    "type": "pd-standard"
                  }
                ],
                "kms_key_self_link": "",
                "mode": "READ_WRITE",
                "source": "https://www.googleapis.com/compute/v1/projects/apm-learn-dev1-proj/zones/us-central1-a/disks/admin-workstation"
              }
            ],
            "can_ip_forward": false,
            "confidential_instance_config": [],
            "cpu_platform": "Intel Haswell",
            "current_status": "RUNNING",
            "deletion_protection": false,
            "description": "",
            "desired_status": null,
            "enable_display": false,
            "guest_accelerator": [],
            "hostname": "",
            "id": "projects/apm-learn-dev1-proj/zones/us-central1-a/instances/admin-workstation",
            "instance_id": "4560061154669149517",
            "label_fingerprint": "42WmSpB8rSM=",
            "labels": null,
            "machine_type": "e2-standard-4",
            "metadata": null,
            "metadata_fingerprint": "mXiXVaK5yao=",
            "metadata_startup_script": "sudo apt update\nsudo apt upgrade -y\nsudo systemctl stop apparmor\nsudo systemctl disable apparmor\nsudo apt-get install apt-transport-https ca-certificates \\\n    curl gnupg-agent software-properties-common docker.io -y\nsudo apt install screen nano -y\n",
            "min_cpu_platform": "",
            "name": "admin-workstation",
            "network_interface": [
              {
                "access_config": [
                  {
                    "nat_ip": "35.192.139.211",
                    "network_tier": "PREMIUM",
                    "public_ptr_domain_name": ""
                  }
                ],
                "alias_ip_range": [],
                "name": "nic0",
                "network": "https://www.googleapis.com/compute/v1/projects/apm-learn-dev1-proj/global/networks/default",
                "network_ip": "10.128.0.17",
                "nic_type": "",
                "subnetwork": "https://www.googleapis.com/compute/v1/projects/apm-learn-dev1-proj/regions/us-central1/subnetworks/default",
                "subnetwork_project": "apm-learn-dev1-proj"
              }
            ],
            "project": "apm-learn-dev1-proj",
            "resource_policies": null,
            "scheduling": [
              {
                "automatic_restart": true,
                "min_node_cpus": 0,
                "node_affinities": [],
                "on_host_maintenance": "MIGRATE",
                "preemptible": false
              }
            ],
            "scratch_disk": [],
            "self_link": "https://www.googleapis.com/compute/v1/projects/apm-learn-dev1-proj/zones/us-central1-a/instances/admin-workstation",
            "service_account": [
              {
                "email": "1087145446733-compute@developer.gserviceaccount.com",
                "scopes": [
                  "https://www.googleapis.com/auth/cloud-platform"
                ]
              }
            ],
            "shielded_instance_config": [
              {
                "enable_integrity_monitoring": true,
                "enable_secure_boot": false,
                "enable_vtpm": true
              }
            ],
            "tags": null,
            "tags_fingerprint": "42WmSpB8rSM=",
            "timeouts": null,
            "zone": "us-central1-a"
          },
          "sensitive_attributes": [],
          "private": "eyJlMmJmYjczMC1lY2FhLTExZTYtOGY4OC0zNDM2M2JjN2M0YzAiOnsiY3JlYXRlIjoxMjAwMDAwMDAwMDAwLCJkZWxldGUiOjEyMDAwMDAwMDAwMDAsInVwZGF0ZSI6MTIwMDAwMDAwMDAwMH0sInNjaGVtYV92ZXJzaW9uIjoiNiJ9"
        }
      ]
    }
  ]
}
